// !$*UTF8*$!
{
	archiveVersion = 1;
	classes = {
	};
	objectVersion = 50;
	objects = {

/* Begin PBXBuildFile section */
		2F171DA024D06BAA002CB875 /* AppDelegate.swift in Sources */ = {isa = PBXBuildFile; fileRef = 2F171D9F24D06BAA002CB875 /* AppDelegate.swift */; };
		2F171DA224D06BAA002CB875 /* art.scnassets in Resources */ = {isa = PBXBuildFile; fileRef = 2F171DA124D06BAA002CB875 /* art.scnassets */; };
		2F171DA424D06BAA002CB875 /* ViewController.swift in Sources */ = {isa = PBXBuildFile; fileRef = 2F171DA324D06BAA002CB875 /* ViewController.swift */; };
		2F171DA724D06BAA002CB875 /* Main.storyboard in Resources */ = {isa = PBXBuildFile; fileRef = 2F171DA524D06BAA002CB875 /* Main.storyboard */; };
		2F171DA924D06BAF002CB875 /* Assets.xcassets in Resources */ = {isa = PBXBuildFile; fileRef = 2F171DA824D06BAF002CB875 /* Assets.xcassets */; };
		2F171DAC24D06BAF002CB875 /* LaunchScreen.storyboard in Resources */ = {isa = PBXBuildFile; fileRef = 2F171DAA24D06BAF002CB875 /* LaunchScreen.storyboard */; };
		2F171DB724D06BAF002CB875 /* TrainMasterTests.swift in Sources */ = {isa = PBXBuildFile; fileRef = 2F171DB624D06BAF002CB875 /* TrainMasterTests.swift */; };
		2F171DC224D06BAF002CB875 /* TrainMasterUITests.swift in Sources */ = {isa = PBXBuildFile; fileRef = 2F171DC124D06BAF002CB875 /* TrainMasterUITests.swift */; };
		2F8BB3D224D094E500B0C656 /* plane.png in Resources */ = {isa = PBXBuildFile; fileRef = 2F8BB3D124D094E400B0C656 /* plane.png */; };
/* End PBXBuildFile section */

/* Begin PBXContainerItemProxy section */
		2F171DB324D06BAF002CB875 /* PBXContainerItemProxy */ = {
			isa = PBXContainerItemProxy;
			containerPortal = 2F171D9424D06BAA002CB875 /* Project object */;
			proxyType = 1;
			remoteGlobalIDString = 2F171D9B24D06BAA002CB875;
			remoteInfo = TrainMaster;
		};
		2F171DBE24D06BAF002CB875 /* PBXContainerItemProxy */ = {
			isa = PBXContainerItemProxy;
			containerPortal = 2F171D9424D06BAA002CB875 /* Project object */;
			proxyType = 1;
			remoteGlobalIDString = 2F171D9B24D06BAA002CB875;
			remoteInfo = TrainMaster;
		};
/* End PBXContainerItemProxy section */

/* Begin PBXFileReference section */
		2F171D9C24D06BAA002CB875 /* TrainMaster.app */ = {isa = PBXFileReference; explicitFileType = wrapper.application; includeInIndex = 0; path = TrainMaster.app; sourceTree = BUILT_PRODUCTS_DIR; };
		2F171D9F24D06BAA002CB875 /* AppDelegate.swift */ = {isa = PBXFileReference; lastKnownFileType = sourcecode.swift; path = AppDelegate.swift; sourceTree = "<group>"; };
		2F171DA124D06BAA002CB875 /* art.scnassets */ = {isa = PBXFileReference; lastKnownFileType = wrapper.scnassets; path = art.scnassets; sourceTree = "<group>"; };
		2F171DA324D06BAA002CB875 /* ViewController.swift */ = {isa = PBXFileReference; lastKnownFileType = sourcecode.swift; path = ViewController.swift; sourceTree = "<group>"; };
		2F171DA624D06BAA002CB875 /* Base */ = {isa = PBXFileReference; lastKnownFileType = file.storyboard; name = Base; path = Base.lproj/Main.storyboard; sourceTree = "<group>"; };
		2F171DA824D06BAF002CB875 /* Assets.xcassets */ = {isa = PBXFileReference; lastKnownFileType = folder.assetcatalog; path = Assets.xcassets; sourceTree = "<group>"; };
		2F171DAB24D06BAF002CB875 /* Base */ = {isa = PBXFileReference; lastKnownFileType = file.storyboard; name = Base; path = Base.lproj/LaunchScreen.storyboard; sourceTree = "<group>"; };
		2F171DAD24D06BAF002CB875 /* Info.plist */ = {isa = PBXFileReference; lastKnownFileType = text.plist.xml; path = Info.plist; sourceTree = "<group>"; };
		2F171DB224D06BAF002CB875 /* TrainMasterTests.xctest */ = {isa = PBXFileReference; explicitFileType = wrapper.cfbundle; includeInIndex = 0; path = TrainMasterTests.xctest; sourceTree = BUILT_PRODUCTS_DIR; };
		2F171DB624D06BAF002CB875 /* TrainMasterTests.swift */ = {isa = PBXFileReference; lastKnownFileType = sourcecode.swift; path = TrainMasterTests.swift; sourceTree = "<group>"; };
		2F171DB824D06BAF002CB875 /* Info.plist */ = {isa = PBXFileReference; lastKnownFileType = text.plist.xml; path = Info.plist; sourceTree = "<group>"; };
		2F171DBD24D06BAF002CB875 /* TrainMasterUITests.xctest */ = {isa = PBXFileReference; explicitFileType = wrapper.cfbundle; includeInIndex = 0; path = TrainMasterUITests.xctest; sourceTree = BUILT_PRODUCTS_DIR; };
		2F171DC124D06BAF002CB875 /* TrainMasterUITests.swift */ = {isa = PBXFileReference; lastKnownFileType = sourcecode.swift; path = TrainMasterUITests.swift; sourceTree = "<group>"; };
		2F171DC324D06BAF002CB875 /* Info.plist */ = {isa = PBXFileReference; lastKnownFileType = text.plist.xml; path = Info.plist; sourceTree = "<group>"; };
		2F8BB3D124D094E400B0C656 /* plane.png */ = {isa = PBXFileReference; lastKnownFileType = image.png; path = plane.png; sourceTree = "<group>"; };
/* End PBXFileReference section */

/* Begin PBXFrameworksBuildPhase section */
		2F171D9924D06BAA002CB875 /* Frameworks */ = {
			isa = PBXFrameworksBuildPhase;
			buildActionMask = 2147483647;
			files = (
			);
			runOnlyForDeploymentPostprocessing = 0;
		};
		2F171DAF24D06BAF002CB875 /* Frameworks */ = {
			isa = PBXFrameworksBuildPhase;
			buildActionMask = 2147483647;
			files = (
			);
			runOnlyForDeploymentPostprocessing = 0;
		};
		2F171DBA24D06BAF002CB875 /* Frameworks */ = {
			isa = PBXFrameworksBuildPhase;
			buildActionMask = 2147483647;
			files = (
			);
			runOnlyForDeploymentPostprocessing = 0;
		};
/* End PBXFrameworksBuildPhase section */

/* Begin PBXGroup section */
		2F171D9324D06BAA002CB875 = {
			isa = PBXGroup;
			children = (
				2F171D9E24D06BAA002CB875 /* TrainMaster */,
				2F171DB524D06BAF002CB875 /* TrainMasterTests */,
				2F171DC024D06BAF002CB875 /* TrainMasterUITests */,
				2F171D9D24D06BAA002CB875 /* Products */,
			);
			sourceTree = "<group>";
		};
		2F171D9D24D06BAA002CB875 /* Products */ = {
			isa = PBXGroup;
			children = (
				2F171D9C24D06BAA002CB875 /* TrainMaster.app */,
				2F171DB224D06BAF002CB875 /* TrainMasterTests.xctest */,
				2F171DBD24D06BAF002CB875 /* TrainMasterUITests.xctest */,
			);
			name = Products;
			sourceTree = "<group>";
		};
		2F171D9E24D06BAA002CB875 /* TrainMaster */ = {
			isa = PBXGroup;
			children = (
				2F8BB3D124D094E400B0C656 /* plane.png */,
				2F171D9F24D06BAA002CB875 /* AppDelegate.swift */,
				2F171DA124D06BAA002CB875 /* art.scnassets */,
				2F171DA324D06BAA002CB875 /* ViewController.swift */,
				2F171DA524D06BAA002CB875 /* Main.storyboard */,
				2F171DA824D06BAF002CB875 /* Assets.xcassets */,
				2F171DAA24D06BAF002CB875 /* LaunchScreen.storyboard */,
				2F171DAD24D06BAF002CB875 /* Info.plist */,
			);
			path = TrainMaster;
			sourceTree = "<group>";
		};
		2F171DB524D06BAF002CB875 /* TrainMasterTests */ = {
			isa = PBXGroup;
			children = (
				2F171DB624D06BAF002CB875 /* TrainMasterTests.swift */,
				2F171DB824D06BAF002CB875 /* Info.plist */,
			);
			path = TrainMasterTests;
			sourceTree = "<group>";
		};
		2F171DC024D06BAF002CB875 /* TrainMasterUITests */ = {
			isa = PBXGroup;
			children = (
				2F171DC124D06BAF002CB875 /* TrainMasterUITests.swift */,
				2F171DC324D06BAF002CB875 /* Info.plist */,
			);
			path = TrainMasterUITests;
			sourceTree = "<group>";
		};
/* End PBXGroup section */

/* Begin PBXNativeTarget section */
		2F171D9B24D06BAA002CB875 /* TrainMaster */ = {
			isa = PBXNativeTarget;
			buildConfigurationList = 2F171DC624D06BAF002CB875 /* Build configuration list for PBXNativeTarget "TrainMaster" */;
			buildPhases = (
				2F171D9824D06BAA002CB875 /* Sources */,
				2F171D9924D06BAA002CB875 /* Frameworks */,
				2F171D9A24D06BAA002CB875 /* Resources */,
			);
			buildRules = (
			);
			dependencies = (
			);
			name = TrainMaster;
			productName = TrainMaster;
			productReference = 2F171D9C24D06BAA002CB875 /* TrainMaster.app */;
			productType = "com.apple.product-type.application";
		};
		2F171DB124D06BAF002CB875 /* TrainMasterTests */ = {
			isa = PBXNativeTarget;
			buildConfigurationList = 2F171DC924D06BAF002CB875 /* Build configuration list for PBXNativeTarget "TrainMasterTests" */;
			buildPhases = (
				2F171DAE24D06BAF002CB875 /* Sources */,
				2F171DAF24D06BAF002CB875 /* Frameworks */,
				2F171DB024D06BAF002CB875 /* Resources */,
			);
			buildRules = (
			);
			dependencies = (
				2F171DB424D06BAF002CB875 /* PBXTargetDependency */,
			);
			name = TrainMasterTests;
			productName = TrainMasterTests;
			productReference = 2F171DB224D06BAF002CB875 /* TrainMasterTests.xctest */;
			productType = "com.apple.product-type.bundle.unit-test";
		};
		2F171DBC24D06BAF002CB875 /* TrainMasterUITests */ = {
			isa = PBXNativeTarget;
			buildConfigurationList = 2F171DCC24D06BAF002CB875 /* Build configuration list for PBXNativeTarget "TrainMasterUITests" */;
			buildPhases = (
				2F171DB924D06BAF002CB875 /* Sources */,
				2F171DBA24D06BAF002CB875 /* Frameworks */,
				2F171DBB24D06BAF002CB875 /* Resources */,
			);
			buildRules = (
			);
			dependencies = (
				2F171DBF24D06BAF002CB875 /* PBXTargetDependency */,
			);
			name = TrainMasterUITests;
			productName = TrainMasterUITests;
			productReference = 2F171DBD24D06BAF002CB875 /* TrainMasterUITests.xctest */;
			productType = "com.apple.product-type.bundle.ui-testing";
		};
/* End PBXNativeTarget section */

/* Begin PBXProject section */
		2F171D9424D06BAA002CB875 /* Project object */ = {
			isa = PBXProject;
			attributes = {
				LastSwiftUpdateCheck = 1200;
				LastUpgradeCheck = 1200;
				TargetAttributes = {
					2F171D9B24D06BAA002CB875 = {
						CreatedOnToolsVersion = 12.0;
					};
					2F171DB124D06BAF002CB875 = {
						CreatedOnToolsVersion = 12.0;
						TestTargetID = 2F171D9B24D06BAA002CB875;
					};
					2F171DBC24D06BAF002CB875 = {
						CreatedOnToolsVersion = 12.0;
						TestTargetID = 2F171D9B24D06BAA002CB875;
					};
				};
			};
			buildConfigurationList = 2F171D9724D06BAA002CB875 /* Build configuration list for PBXProject "TrainMaster" */;
			compatibilityVersion = "Xcode 9.3";
			developmentRegion = en;
			hasScannedForEncodings = 0;
			knownRegions = (
				en,
				Base,
			);
			mainGroup = 2F171D9324D06BAA002CB875;
			productRefGroup = 2F171D9D24D06BAA002CB875 /* Products */;
			projectDirPath = "";
			projectRoot = "";
			targets = (
				2F171D9B24D06BAA002CB875 /* TrainMaster */,
				2F171DB124D06BAF002CB875 /* TrainMasterTests */,
				2F171DBC24D06BAF002CB875 /* TrainMasterUITests */,
			);
		};
/* End PBXProject section */

/* Begin PBXResourcesBuildPhase section */
		2F171D9A24D06BAA002CB875 /* Resources */ = {
			isa = PBXResourcesBuildPhase;
			buildActionMask = 2147483647;
			files = (
				2F171DA224D06BAA002CB875 /* art.scnassets in Resources */,
				2F171DAC24D06BAF002CB875 /* LaunchScreen.storyboard in Resources */,
				2F171DA924D06BAF002CB875 /* Assets.xcassets in Resources */,
				2F8BB3D224D094E500B0C656 /* plane.png in Resources */,
				2F171DA724D06BAA002CB875 /* Main.storyboard in Resources */,
			);
			runOnlyForDeploymentPostprocessing = 0;
		};
		2F171DB024D06BAF002CB875 /* Resources */ = {
			isa = PBXResourcesBuildPhase;
			buildActionMask = 2147483647;
			files = (
			);
			runOnlyForDeploymentPostprocessing = 0;
		};
		2F171DBB24D06BAF002CB875 /* Resources */ = {
			isa = PBXResourcesBuildPhase;
			buildActionMask = 2147483647;
			files = (
			);
			runOnlyForDeploymentPostprocessing = 0;
		};
/* End PBXResourcesBuildPhase section */

/* Begin PBXSourcesBuildPhase section */
		2F171D9824D06BAA002CB875 /* Sources */ = {
			isa = PBXSourcesBuildPhase;
			buildActionMask = 2147483647;
			files = (
				2F171DA424D06BAA002CB875 /* ViewController.swift in Sources */,
				2F171DA024D06BAA002CB875 /* AppDelegate.swift in Sources */,
			);
			runOnlyForDeploymentPostprocessing = 0;
		};
		2F171DAE24D06BAF002CB875 /* Sources */ = {
			isa = PBXSourcesBuildPhase;
			buildActionMask = 2147483647;
			files = (
				2F171DB724D06BAF002CB875 /* TrainMasterTests.swift in Sources */,
			);
			runOnlyForDeploymentPostprocessing = 0;
		};
		2F171DB924D06BAF002CB875 /* Sources */ = {
			isa = PBXSourcesBuildPhase;
			buildActionMask = 2147483647;
			files = (
				2F171DC224D06BAF002CB875 /* TrainMasterUITests.swift in Sources */,
			);
			runOnlyForDeploymentPostprocessing = 0;
		};
/* End PBXSourcesBuildPhase section */

/* Begin PBXTargetDependency section */
		2F171DB424D06BAF002CB875 /* PBXTargetDependency */ = {
			isa = PBXTargetDependency;
			target = 2F171D9B24D06BAA002CB875 /* TrainMaster */;
			targetProxy = 2F171DB324D06BAF002CB875 /* PBXContainerItemProxy */;
		};
		2F171DBF24D06BAF002CB875 /* PBXTargetDependency */ = {
			isa = PBXTargetDependency;
			target = 2F171D9B24D06BAA002CB875 /* TrainMaster */;
			targetProxy = 2F171DBE24D06BAF002CB875 /* PBXContainerItemProxy */;
		};
/* End PBXTargetDependency section */

/* Begin PBXVariantGroup section */
		2F171DA524D06BAA002CB875 /* Main.storyboard */ = {
			isa = PBXVariantGroup;
			children = (
				2F171DA624D06BAA002CB875 /* Base */,
			);
			name = Main.storyboard;
			sourceTree = "<group>";
		};
		2F171DAA24D06BAF002CB875 /* LaunchScreen.storyboard */ = {
			isa = PBXVariantGroup;
			children = (
				2F171DAB24D06BAF002CB875 /* Base */,
			);
			name = LaunchScreen.storyboard;
			sourceTree = "<group>";
		};
/* End PBXVariantGroup section */

/* Begin XCBuildConfiguration section */
		2F171DC424D06BAF002CB875 /* Debug */ = {
			isa = XCBuildConfiguration;
			buildSettings = {
				ALWAYS_SEARCH_USER_PATHS = NO;
				CLANG_ANALYZER_NONNULL = YES;
				CLANG_ANALYZER_NUMBER_OBJECT_CONVERSION = YES_AGGRESSIVE;
				CLANG_CXX_LANGUAGE_STANDARD = "gnu++14";
				CLANG_CXX_LIBRARY = "libc++";
				CLANG_ENABLE_MODULES = YES;
				CLANG_ENABLE_OBJC_ARC = YES;
				CLANG_ENABLE_OBJC_WEAK = YES;
				CLANG_WARN_BLOCK_CAPTURE_AUTORELEASING = YES;
				CLANG_WARN_BOOL_CONVERSION = YES;
				CLANG_WARN_COMMA = YES;
				CLANG_WARN_CONSTANT_CONVERSION = YES;
				CLANG_WARN_DEPRECATED_OBJC_IMPLEMENTATIONS = YES;
				CLANG_WARN_DIRECT_OBJC_ISA_USAGE = YES_ERROR;
				CLANG_WARN_DOCUMENTATION_COMMENTS = YES;
				CLANG_WARN_EMPTY_BODY = YES;
				CLANG_WARN_ENUM_CONVERSION = YES;
				CLANG_WARN_INFINITE_RECURSION = YES;
				CLANG_WARN_INT_CONVERSION = YES;
				CLANG_WARN_NON_LITERAL_NULL_CONVERSION = YES;
				CLANG_WARN_OBJC_IMPLICIT_RETAIN_SELF = YES;
				CLANG_WARN_OBJC_LITERAL_CONVERSION = YES;
				CLANG_WARN_OBJC_ROOT_CLASS = YES_ERROR;
				CLANG_WARN_QUOTED_INCLUDE_IN_FRAMEWORK_HEADER = YES;
				CLANG_WARN_RANGE_LOOP_ANALYSIS = YES;
				CLANG_WARN_STRICT_PROTOTYPES = YES;
				CLANG_WARN_SUSPICIOUS_MOVE = YES;
				CLANG_WARN_UNGUARDED_AVAILABILITY = YES_AGGRESSIVE;
				CLANG_WARN_UNREACHABLE_CODE = YES;
				CLANG_WARN__DUPLICATE_METHOD_MATCH = YES;
				COPY_PHASE_STRIP = NO;
				DEBUG_INFORMATION_FORMAT = dwarf;
				ENABLE_STRICT_OBJC_MSGSEND = YES;
				ENABLE_TESTABILITY = YES;
				GCC_C_LANGUAGE_STANDARD = gnu11;
				GCC_DYNAMIC_NO_PIC = NO;
				GCC_NO_COMMON_BLOCKS = YES;
				GCC_OPTIMIZATION_LEVEL = 0;
				GCC_PREPROCESSOR_DEFINITIONS = (
					"DEBUG=1",
					"$(inherited)",
				);
				GCC_WARN_64_TO_32_BIT_CONVERSION = YES;
				GCC_WARN_ABOUT_RETURN_TYPE = YES_ERROR;
				GCC_WARN_UNDECLARED_SELECTOR = YES;
				GCC_WARN_UNINITIALIZED_AUTOS = YES_AGGRESSIVE;
				GCC_WARN_UNUSED_FUNCTION = YES;
				GCC_WARN_UNUSED_VARIABLE = YES;
				IPHONEOS_DEPLOYMENT_TARGET = 14.0;
				MTL_ENABLE_DEBUG_INFO = INCLUDE_SOURCE;
				MTL_FAST_MATH = YES;
				ONLY_ACTIVE_ARCH = YES;
				SDKROOT = iphoneos;
				SWIFT_ACTIVE_COMPILATION_CONDITIONS = DEBUG;
				SWIFT_OPTIMIZATION_LEVEL = "-Onone";
			};
			name = Debug;
		};
		2F171DC524D06BAF002CB875 /* Release */ = {
			isa = XCBuildConfiguration;
			buildSettings = {
				ALWAYS_SEARCH_USER_PATHS = NO;
				CLANG_ANALYZER_NONNULL = YES;
				CLANG_ANALYZER_NUMBER_OBJECT_CONVERSION = YES_AGGRESSIVE;
				CLANG_CXX_LANGUAGE_STANDARD = "gnu++14";
				CLANG_CXX_LIBRARY = "libc++";
				CLANG_ENABLE_MODULES = YES;
				CLANG_ENABLE_OBJC_ARC = YES;
				CLANG_ENABLE_OBJC_WEAK = YES;
				CLANG_WARN_BLOCK_CAPTURE_AUTORELEASING = YES;
				CLANG_WARN_BOOL_CONVERSION = YES;
				CLANG_WARN_COMMA = YES;
				CLANG_WARN_CONSTANT_CONVERSION = YES;
				CLANG_WARN_DEPRECATED_OBJC_IMPLEMENTATIONS = YES;
				CLANG_WARN_DIRECT_OBJC_ISA_USAGE = YES_ERROR;
				CLANG_WARN_DOCUMENTATION_COMMENTS = YES;
				CLANG_WARN_EMPTY_BODY = YES;
				CLANG_WARN_ENUM_CONVERSION = YES;
				CLANG_WARN_INFINITE_RECURSION = YES;
				CLANG_WARN_INT_CONVERSION = YES;
				CLANG_WARN_NON_LITERAL_NULL_CONVERSION = YES;
				CLANG_WARN_OBJC_IMPLICIT_RETAIN_SELF = YES;
				CLANG_WARN_OBJC_LITERAL_CONVERSION = YES;
				CLANG_WARN_OBJC_ROOT_CLASS = YES_ERROR;
				CLANG_WARN_QUOTED_INCLUDE_IN_FRAMEWORK_HEADER = YES;
				CLANG_WARN_RANGE_LOOP_ANALYSIS = YES;
				CLANG_WARN_STRICT_PROTOTYPES = YES;
				CLANG_WARN_SUSPICIOUS_MOVE = YES;
				CLANG_WARN_UNGUARDED_AVAILABILITY = YES_AGGRESSIVE;
				CLANG_WARN_UNREACHABLE_CODE = YES;
				CLANG_WARN__DUPLICATE_METHOD_MATCH = YES;
				COPY_PHASE_STRIP = NO;
				DEBUG_INFORMATION_FORMAT = "dwarf-with-dsym";
				ENABLE_NS_ASSERTIONS = NO;
				ENABLE_STRICT_OBJC_MSGSEND = YES;
				GCC_C_LANGUAGE_STANDARD = gnu11;
				GCC_NO_COMMON_BLOCKS = YES;
				GCC_WARN_64_TO_32_BIT_CONVERSION = YES;
				GCC_WARN_ABOUT_RETURN_TYPE = YES_ERROR;
				GCC_WARN_UNDECLARED_SELECTOR = YES;
				GCC_WARN_UNINITIALIZED_AUTOS = YES_AGGRESSIVE;
				GCC_WARN_UNUSED_FUNCTION = YES;
				GCC_WARN_UNUSED_VARIABLE = YES;
				IPHONEOS_DEPLOYMENT_TARGET = 14.0;
				MTL_ENABLE_DEBUG_INFO = NO;
				MTL_FAST_MATH = YES;
				SDKROOT = iphoneos;
				SWIFT_COMPILATION_MODE = wholemodule;
				SWIFT_OPTIMIZATION_LEVEL = "-O";
				VALIDATE_PRODUCT = YES;
			};
			name = Release;
		};
		2F171DC724D06BAF002CB875 /* Debug */ = {
			isa = XCBuildConfiguration;
			buildSettings = {
				ASSETCATALOG_COMPILER_APPICON_NAME = AppIcon;
				ASSETCATALOG_COMPILER_GLOBAL_ACCENT_COLOR_NAME = AccentColor;
				CODE_SIGN_STYLE = Automatic;
				DEVELOPMENT_TEAM = 5D86HPCL4K;
				INFOPLIST_FILE = TrainMaster/Info.plist;
				LD_RUNPATH_SEARCH_PATHS = (
					"$(inherited)",
					"@executable_path/Frameworks",
				);
				PRODUCT_BUNDLE_IDENTIFIER = com.42madridFTel.TrainMaster;
				PRODUCT_NAME = "$(TARGET_NAME)";
				SWIFT_VERSION = 5.0;
				TARGETED_DEVICE_FAMILY = "1,2";
			};
			name = Debug;
		};
		2F171DC824D06BAF002CB875 /* Release */ = {
			isa = XCBuildConfiguration;
			buildSettings = {
				ASSETCATALOG_COMPILER_APPICON_NAME = AppIcon;
				ASSETCATALOG_COMPILER_GLOBAL_ACCENT_COLOR_NAME = AccentColor;
				CODE_SIGN_STYLE = Automatic;
				DEVELOPMENT_TEAM = 5D86HPCL4K;
				INFOPLIST_FILE = TrainMaster/Info.plist;
				LD_RUNPATH_SEARCH_PATHS = (
					"$(inherited)",
					"@executable_path/Frameworks",
				);
				PRODUCT_BUNDLE_IDENTIFIER = com.42madridFTel.TrainMaster;
				PRODUCT_NAME = "$(TARGET_NAME)";
				SWIFT_VERSION = 5.0;
				TARGETED_DEVICE_FAMILY = "1,2";
			};
			name = Release;
		};
		2F171DCA24D06BAF002CB875 /* Debug */ = {
			isa = XCBuildConfiguration;
			buildSettings = {
				ALWAYS_EMBED_SWIFT_STANDARD_LIBRARIES = YES;
				BUNDLE_LOADER = "$(TEST_HOST)";
				CODE_SIGN_STYLE = Automatic;
				DEVELOPMENT_TEAM = 5D86HPCL4K;
				INFOPLIST_FILE = TrainMasterTests/Info.plist;
				IPHONEOS_DEPLOYMENT_TARGET = 14.0;
				LD_RUNPATH_SEARCH_PATHS = (
					"$(inherited)",
					"@executable_path/Frameworks",
					"@loader_path/Frameworks",
				);
				PRODUCT_BUNDLE_IDENTIFIER = com.42madridFTel.TrainMasterTests;
				PRODUCT_NAME = "$(TARGET_NAME)";
				SWIFT_VERSION = 5.0;
				TARGETED_DEVICE_FAMILY = "1,2";
				TEST_HOST = "$(BUILT_PRODUCTS_DIR)/TrainMaster.app/TrainMaster";
			};
			name = Debug;
		};
		2F171DCB24D06BAF002CB875 /* Release */ = {
			isa = XCBuildConfiguration;
			buildSettings = {
				ALWAYS_EMBED_SWIFT_STANDARD_LIBRARIES = YES;
				BUNDLE_LOADER = "$(TEST_HOST)";
				CODE_SIGN_STYLE = Automatic;
				DEVELOPMENT_TEAM = 5D86HPCL4K;
				INFOPLIST_FILE = TrainMasterTests/Info.plist;
				IPHONEOS_DEPLOYMENT_TARGET = 14.0;
				LD_RUNPATH_SEARCH_PATHS = (
					"$(inherited)",
					"@executable_path/Frameworks",
					"@loader_path/Frameworks",
				);
				PRODUCT_BUNDLE_IDENTIFIER = com.42madridFTel.TrainMasterTests;
				PRODUCT_NAME = "$(TARGET_NAME)";
				SWIFT_VERSION = 5.0;
				TARGETED_DEVICE_FAMILY = "1,2";
				TEST_HOST = "$(BUILT_PRODUCTS_DIR)/TrainMaster.app/TrainMaster";
			};
			name = Release;
		};
		2F171DCD24D06BAF002CB875 /* Debug */ = {
			isa = XCBuildConfiguration;
			buildSettings = {
				ALWAYS_EMBED_SWIFT_STANDARD_LIBRARIES = YES;
				CODE_SIGN_STYLE = Automatic;
				DEVELOPMENT_TEAM = 5D86HPCL4K;
				INFOPLIST_FILE = TrainMasterUITests/Info.plist;
				LD_RUNPATH_SEARCH_PATHS = (
					"$(inherited)",
					"@executable_path/Frameworks",
					"@loader_path/Frameworks",
				);
				PRODUCT_BUNDLE_IDENTIFIER = com.42madridFTel.TrainMasterUITests;
				PRODUCT_NAME = "$(TARGET_NAME)";
				SWIFT_VERSION = 5.0;
				TARGETED_DEVICE_FAMILY = "1,2";
				TEST_TARGET_NAME = TrainMaster;
			};
			name = Debug;
		};
		2F171DCE24D06BAF002CB875 /* Release */ = {
			isa = XCBuildConfiguration;
			buildSettings = {
				ALWAYS_EMBED_SWIFT_STANDARD_LIBRARIES = YES;
				CODE_SIGN_STYLE = Automatic;
				DEVELOPMENT_TEAM = 5D86HPCL4K;
				INFOPLIST_FILE = TrainMasterUITests/Info.plist;
				LD_RUNPATH_SEARCH_PATHS = (
					"$(inherited)",
					"@executable_path/Frameworks",
					"@loader_path/Frameworks",
				);
				PRODUCT_BUNDLE_IDENTIFIER = com.42madridFTel.TrainMasterUITests;
				PRODUCT_NAME = "$(TARGET_NAME)";
				SWIFT_VERSION = 5.0;
				TARGETED_DEVICE_FAMILY = "1,2";
				TEST_TARGET_NAME = TrainMaster;
			};
			name = Release;
		};
/* End XCBuildConfiguration section */

/* Begin XCConfigurationList section */
		2F171D9724D06BAA002CB875 /* Build configuration list for PBXProject "TrainMaster" */ = {
			isa = XCConfigurationList;
			buildConfigurations = (
				2F171DC424D06BAF002CB875 /* Debug */,
				2F171DC524D06BAF002CB875 /* Release */,
			);
			defaultConfigurationIsVisible = 0;
			defaultConfigurationName = Release;
		};
		2F171DC624D06BAF002CB875 /* Build configuration list for PBXNativeTarget "TrainMaster" */ = {
			isa = XCConfigurationList;
			buildConfigurations = (
				2F171DC724D06BAF002CB875 /* Debug */,
				2F171DC824D06BAF002CB875 /* Release */,
			);
			defaultConfigurationIsVisible = 0;
			defaultConfigurationName = Release;
		};
		2F171DC924D06BAF002CB875 /* Build configuration list for PBXNativeTarget "TrainMasterTests" */ = {
			isa = XCConfigurationList;
			buildConfigurations = (
				2F171DCA24D06BAF002CB875 /* Debug */,
				2F171DCB24D06BAF002CB875 /* Release */,
			);
			defaultConfigurationIsVisible = 0;
			defaultConfigurationName = Release;
		};
		2F171DCC24D06BAF002CB875 /* Build configuration list for PBXNativeTarget "TrainMasterUITests" */ = {
			isa = XCConfigurationList;
			buildConfigurations = (
				2F171DCD24D06BAF002CB875 /* Debug */,
				2F171DCE24D06BAF002CB875 /* Release */,
			);
			defaultConfigurationIsVisible = 0;
			defaultConfigurationName = Release;
		};
/* End XCConfigurationList section */
	};
	rootObject = 2F171D9424D06BAA002CB875 /* Project object */;
}
